
Microsoft Visual Studio Solution File, Format Version 12.00
# Visual Studio 2012
Project("{FAE04EC0-301F-11D3-BF4B-00C04F79EFBC}") = "NancyUserManager", "NancyUserManager\NancyUserManager.csproj", "{98940A30-1B48-4F71-A6BA-85F0AAF31A2F}"
EndProject
Global
	GlobalSection(SolutionConfigurationPlatforms) = preSolution
		Debug|Any CPU = Debug|Any CPU
		MonoDebug|Any CPU = MonoDebug|Any CPU
		MonoRelease|Any CPU = MonoRelease|Any CPU
		Release|Any CPU = Release|Any CPU
	EndGlobalSection
	GlobalSection(ProjectConfigurationPlatforms) = postSolution
		{98940A30-1B48-4F71-A6BA-85F0AAF31A2F}.Debug|Any CPU.ActiveCfg = Debug|Any CPU
		{98940A30-1B48-4F71-A6BA-85F0AAF31A2F}.Debug|Any CPU.Build.0 = Debug|Any CPU
		{98940A30-1B48-4F71-A6BA-85F0AAF31A2F}.MonoDebug|Any CPU.ActiveCfg = MonoDebug|Any CPU
		{98940A30-1B48-4F71-A6BA-85F0AAF31A2F}.MonoDebug|Any CPU.Build.0 = MonoDebug|Any CPU
		{98940A30-1B48-4F71-A6BA-85F0AAF31A2F}.MonoRelease|Any CPU.ActiveCfg = MonoRelease|Any CPU
		{98940A30-1B48-4F71-A6BA-85F0AAF31A2F}.MonoRelease|Any CPU.Build.0 = MonoRelease|Any CPU
		{98940A30-1B48-4F71-A6BA-85F0AAF31A2F}.Release|Any CPU.ActiveCfg = Release|Any CPU
		{98940A30-1B48-4F71-A6BA-85F0AAF31A2F}.Release|Any CPU.Build.0 = Release|Any CPU
	EndGlobalSection
	GlobalSection(SolutionProperties) = preSolution
		HideSolutionNode = FALSE
	EndGlobalSection
EndGlobal
